// !$*UTF8*$!
{
	archiveVersion = 1;
	classes = {
	};
	objectVersion = 56;
	objects = {

/* Begin PBXBuildFile section */
		0487A63D296D81E500BDD950 /* AppDelegate.swift in Sources */ = {isa = PBXBuildFile; fileRef = 0487A63C296D81E500BDD950 /* AppDelegate.swift */; };
		0487A63F296D81E500BDD950 /* SceneDelegate.swift in Sources */ = {isa = PBXBuildFile; fileRef = 0487A63E296D81E500BDD950 /* SceneDelegate.swift */; };
		0487A641296D81E500BDD950 /* ViewController.swift in Sources */ = {isa = PBXBuildFile; fileRef = 0487A640296D81E500BDD950 /* ViewController.swift */; };
		0487A644296D81E500BDD950 /* Main.storyboard in Resources */ = {isa = PBXBuildFile; fileRef = 0487A642296D81E500BDD950 /* Main.storyboard */; };
		0487A646296D81E700BDD950 /* Assets.xcassets in Resources */ = {isa = PBXBuildFile; fileRef = 0487A645296D81E700BDD950 /* Assets.xcassets */; };
		0487A649296D81E700BDD950 /* LaunchScreen.storyboard in Resources */ = {isa = PBXBuildFile; fileRef = 0487A647296D81E700BDD950 /* LaunchScreen.storyboard */; };
		0487A654296D81E800BDD950 /* homeworkTests.swift in Sources */ = {isa = PBXBuildFile; fileRef = 0487A653296D81E800BDD950 /* homeworkTests.swift */; };
		0487A65E296D81E800BDD950 /* homeworkUITests.swift in Sources */ = {isa = PBXBuildFile; fileRef = 0487A65D296D81E800BDD950 /* homeworkUITests.swift */; };
		0487A660296D81E800BDD950 /* homeworkUITestsLaunchTests.swift in Sources */ = {isa = PBXBuildFile; fileRef = 0487A65F296D81E800BDD950 /* homeworkUITestsLaunchTests.swift */; };
		0487A66D296D850600BDD950 /* networkmanager.swift in Sources */ = {isa = PBXBuildFile; fileRef = 0487A66C296D850600BDD950 /* networkmanager.swift */; };
		0487A66F296D85CB00BDD950 /* mems.swift in Sources */ = {isa = PBXBuildFile; fileRef = 0487A66E296D85CB00BDD950 /* mems.swift */; };
		70398BD0FFDE42C521B47BFA /* Pods_homework.framework in Frameworks */ = {isa = PBXBuildFile; fileRef = 246C10388515C75F2E8C1923 /* Pods_homework.framework */; };
		913474E9E787EB3FC94A0FB1 /* Pods_homeworkTests.framework in Frameworks */ = {isa = PBXBuildFile; fileRef = 40C95AA66BA7A2FF4181F6D1 /* Pods_homeworkTests.framework */; };
		AA09D5D48BBBA20F8EDC88CD /* Pods_homework_homeworkUITests.framework in Frameworks */ = {isa = PBXBuildFile; fileRef = 168E96EA912E430550A147C3 /* Pods_homework_homeworkUITests.framework */; };
/* End PBXBuildFile section */

/* Begin PBXContainerItemProxy section */
		0487A650296D81E800BDD950 /* PBXContainerItemProxy */ = {
			isa = PBXContainerItemProxy;
			containerPortal = 0487A631296D81E500BDD950 /* Project object */;
			proxyType = 1;
			remoteGlobalIDString = 0487A638296D81E500BDD950;
			remoteInfo = homework;
		};
		0487A65A296D81E800BDD950 /* PBXContainerItemProxy */ = {
			isa = PBXContainerItemProxy;
			containerPortal = 0487A631296D81E500BDD950 /* Project object */;
			proxyType = 1;
			remoteGlobalIDString = 0487A638296D81E500BDD950;
			remoteInfo = homework;
		};
/* End PBXContainerItemProxy section */

/* Begin PBXFileReference section */
		020710D8C4BC6B428EBC0D52 /* Pods-homework-homeworkUITests.debug.xcconfig */ = {isa = PBXFileReference; includeInIndex = 1; lastKnownFileType = text.xcconfig; name = "Pods-homework-homeworkUITests.debug.xcconfig"; path = "Target Support Files/Pods-homework-homeworkUITests/Pods-homework-homeworkUITests.debug.xcconfig"; sourceTree = "<group>"; };
		0487A639296D81E500BDD950 /* homework.app */ = {isa = PBXFileReference; explicitFileType = wrapper.application; includeInIndex = 0; path = homework.app; sourceTree = BUILT_PRODUCTS_DIR; };
		0487A63C296D81E500BDD950 /* AppDelegate.swift */ = {isa = PBXFileReference; lastKnownFileType = sourcecode.swift; path = AppDelegate.swift; sourceTree = "<group>"; };
		0487A63E296D81E500BDD950 /* SceneDelegate.swift */ = {isa = PBXFileReference; lastKnownFileType = sourcecode.swift; path = SceneDelegate.swift; sourceTree = "<group>"; };
		0487A640296D81E500BDD950 /* ViewController.swift */ = {isa = PBXFileReference; lastKnownFileType = sourcecode.swift; path = ViewController.swift; sourceTree = "<group>"; };
		0487A643296D81E500BDD950 /* Base */ = {isa = PBXFileReference; lastKnownFileType = file.storyboard; name = Base; path = Base.lproj/Main.storyboard; sourceTree = "<group>"; };
		0487A645296D81E700BDD950 /* Assets.xcassets */ = {isa = PBXFileReference; lastKnownFileType = folder.assetcatalog; path = Assets.xcassets; sourceTree = "<group>"; };
		0487A648296D81E700BDD950 /* Base */ = {isa = PBXFileReference; lastKnownFileType = file.storyboard; name = Base; path = Base.lproj/LaunchScreen.storyboard; sourceTree = "<group>"; };
		0487A64A296D81E700BDD950 /* Info.plist */ = {isa = PBXFileReference; lastKnownFileType = text.plist.xml; path = Info.plist; sourceTree = "<group>"; };
		0487A64F296D81E800BDD950 /* homeworkTests.xctest */ = {isa = PBXFileReference; explicitFileType = wrapper.cfbundle; includeInIndex = 0; path = homeworkTests.xctest; sourceTree = BUILT_PRODUCTS_DIR; };
		0487A653296D81E800BDD950 /* homeworkTests.swift */ = {isa = PBXFileReference; lastKnownFileType = sourcecode.swift; path = homeworkTests.swift; sourceTree = "<group>"; };
		0487A659296D81E800BDD950 /* homeworkUITests.xctest */ = {isa = PBXFileReference; explicitFileType = wrapper.cfbundle; includeInIndex = 0; path = homeworkUITests.xctest; sourceTree = BUILT_PRODUCTS_DIR; };
		0487A65D296D81E800BDD950 /* homeworkUITests.swift */ = {isa = PBXFileReference; lastKnownFileType = sourcecode.swift; path = homeworkUITests.swift; sourceTree = "<group>"; };
		0487A65F296D81E800BDD950 /* homeworkUITestsLaunchTests.swift */ = {isa = PBXFileReference; lastKnownFileType = sourcecode.swift; path = homeworkUITestsLaunchTests.swift; sourceTree = "<group>"; };
		0487A66C296D850600BDD950 /* networkmanager.swift */ = {isa = PBXFileReference; lastKnownFileType = sourcecode.swift; path = networkmanager.swift; sourceTree = "<group>"; };
		0487A66E296D85CB00BDD950 /* mems.swift */ = {isa = PBXFileReference; lastKnownFileType = sourcecode.swift; path = mems.swift; sourceTree = "<group>"; };
		0E8D007B2475008A751243B7 /* Pods-homework-homeworkUITests.release.xcconfig */ = {isa = PBXFileReference; includeInIndex = 1; lastKnownFileType = text.xcconfig; name = "Pods-homework-homeworkUITests.release.xcconfig"; path = "Target Support Files/Pods-homework-homeworkUITests/Pods-homework-homeworkUITests.release.xcconfig"; sourceTree = "<group>"; };
		129785B3D5B8F67A2DC4363D /* Pods-homeworkTests.debug.xcconfig */ = {isa = PBXFileReference; includeInIndex = 1; lastKnownFileType = text.xcconfig; name = "Pods-homeworkTests.debug.xcconfig"; path = "Target Support Files/Pods-homeworkTests/Pods-homeworkTests.debug.xcconfig"; sourceTree = "<group>"; };
		168E96EA912E430550A147C3 /* Pods_homework_homeworkUITests.framework */ = {isa = PBXFileReference; explicitFileType = wrapper.framework; includeInIndex = 0; path = Pods_homework_homeworkUITests.framework; sourceTree = BUILT_PRODUCTS_DIR; };
		246C10388515C75F2E8C1923 /* Pods_homework.framework */ = {isa = PBXFileReference; explicitFileType = wrapper.framework; includeInIndex = 0; path = Pods_homework.framework; sourceTree = BUILT_PRODUCTS_DIR; };
		28B7E5F3AD07D86A62401252 /* Pods-homework.debug.xcconfig */ = {isa = PBXFileReference; includeInIndex = 1; lastKnownFileType = text.xcconfig; name = "Pods-homework.debug.xcconfig"; path = "Target Support Files/Pods-homework/Pods-homework.debug.xcconfig"; sourceTree = "<group>"; };
		40C95AA66BA7A2FF4181F6D1 /* Pods_homeworkTests.framework */ = {isa = PBXFileReference; explicitFileType = wrapper.framework; includeInIndex = 0; path = Pods_homeworkTests.framework; sourceTree = BUILT_PRODUCTS_DIR; };
		CD9D69524241EE5888F09FD6 /* Pods-homeworkTests.release.xcconfig */ = {isa = PBXFileReference; includeInIndex = 1; lastKnownFileType = text.xcconfig; name = "Pods-homeworkTests.release.xcconfig"; path = "Target Support Files/Pods-homeworkTests/Pods-homeworkTests.release.xcconfig"; sourceTree = "<group>"; };
		FDEC60DFFDE5B0CE73ABEE98 /* Pods-homework.release.xcconfig */ = {isa = PBXFileReference; includeInIndex = 1; lastKnownFileType = text.xcconfig; name = "Pods-homework.release.xcconfig"; path = "Target Support Files/Pods-homework/Pods-homework.release.xcconfig"; sourceTree = "<group>"; };
/* End PBXFileReference section */

/* Begin PBXFrameworksBuildPhase section */
		0487A636296D81E500BDD950 /* Frameworks */ = {
			isa = PBXFrameworksBuildPhase;
			buildActionMask = 2147483647;
			files = (
				70398BD0FFDE42C521B47BFA /* Pods_homework.framework in Frameworks */,
			);
			runOnlyForDeploymentPostprocessing = 0;
		};
		0487A64C296D81E800BDD950 /* Frameworks */ = {
			isa = PBXFrameworksBuildPhase;
			buildActionMask = 2147483647;
			files = (
				913474E9E787EB3FC94A0FB1 /* Pods_homeworkTests.framework in Frameworks */,
			);
			runOnlyForDeploymentPostprocessing = 0;
		};
		0487A656296D81E800BDD950 /* Frameworks */ = {
			isa = PBXFrameworksBuildPhase;
			buildActionMask = 2147483647;
			files = (
				AA09D5D48BBBA20F8EDC88CD /* Pods_homework_homeworkUITests.framework in Frameworks */,
			);
			runOnlyForDeploymentPostprocessing = 0;
		};
/* End PBXFrameworksBuildPhase section */

/* Begin PBXGroup section */
		0487A630296D81E500BDD950 = {
			isa = PBXGroup;
			children = (
				0487A63B296D81E500BDD950 /* homework */,
				0487A652296D81E800BDD950 /* homeworkTests */,
				0487A65C296D81E800BDD950 /* homeworkUITests */,
				0487A63A296D81E500BDD950 /* Products */,
				9704E3D0DCC8CC26A42ECCE4 /* Pods */,
				D35792FD7546DF6C219DE98E /* Frameworks */,
			);
			sourceTree = "<group>";
		};
		0487A63A296D81E500BDD950 /* Products */ = {
			isa = PBXGroup;
			children = (
				0487A639296D81E500BDD950 /* homework.app */,
				0487A64F296D81E800BDD950 /* homeworkTests.xctest */,
				0487A659296D81E800BDD950 /* homeworkUITests.xctest */,
			);
			name = Products;
			sourceTree = "<group>";
		};
		0487A63B296D81E500BDD950 /* homework */ = {
			isa = PBXGroup;
			children = (
				0487A63C296D81E500BDD950 /* AppDelegate.swift */,
				0487A63E296D81E500BDD950 /* SceneDelegate.swift */,
				0487A640296D81E500BDD950 /* ViewController.swift */,
				0487A642296D81E500BDD950 /* Main.storyboard */,
				0487A645296D81E700BDD950 /* Assets.xcassets */,
				0487A647296D81E700BDD950 /* LaunchScreen.storyboard */,
				0487A64A296D81E700BDD950 /* Info.plist */,
				0487A66C296D850600BDD950 /* networkmanager.swift */,
				0487A66E296D85CB00BDD950 /* mems.swift */,
			);
			path = homework;
			sourceTree = "<group>";
		};
		0487A652296D81E800BDD950 /* homeworkTests */ = {
			isa = PBXGroup;
			children = (
				0487A653296D81E800BDD950 /* homeworkTests.swift */,
			);
			path = homeworkTests;
			sourceTree = "<group>";
		};
		0487A65C296D81E800BDD950 /* homeworkUITests */ = {
			isa = PBXGroup;
			children = (
				0487A65D296D81E800BDD950 /* homeworkUITests.swift */,
				0487A65F296D81E800BDD950 /* homeworkUITestsLaunchTests.swift */,
			);
			path = homeworkUITests;
			sourceTree = "<group>";
		};
		9704E3D0DCC8CC26A42ECCE4 /* Pods */ = {
			isa = PBXGroup;
			children = (
				28B7E5F3AD07D86A62401252 /* Pods-homework.debug.xcconfig */,
				FDEC60DFFDE5B0CE73ABEE98 /* Pods-homework.release.xcconfig */,
				020710D8C4BC6B428EBC0D52 /* Pods-homework-homeworkUITests.debug.xcconfig */,
				0E8D007B2475008A751243B7 /* Pods-homework-homeworkUITests.release.xcconfig */,
				129785B3D5B8F67A2DC4363D /* Pods-homeworkTests.debug.xcconfig */,
				CD9D69524241EE5888F09FD6 /* Pods-homeworkTests.release.xcconfig */,
			);
			path = Pods;
			sourceTree = "<group>";
		};
		D35792FD7546DF6C219DE98E /* Frameworks */ = {
			isa = PBXGroup;
			children = (
				246C10388515C75F2E8C1923 /* Pods_homework.framework */,
				168E96EA912E430550A147C3 /* Pods_homework_homeworkUITests.framework */,
				40C95AA66BA7A2FF4181F6D1 /* Pods_homeworkTests.framework */,
			);
			name = Frameworks;
			sourceTree = "<group>";
		};
/* End PBXGroup section */

/* Begin PBXNativeTarget section */
		0487A638296D81E500BDD950 /* homework */ = {
			isa = PBXNativeTarget;
			buildConfigurationList = 0487A663296D81E800BDD950 /* Build configuration list for PBXNativeTarget "homework" */;
			buildPhases = (
				D4BCA9929780AFFEAB762BC6 /* [CP] Check Pods Manifest.lock */,
				0487A635296D81E500BDD950 /* Sources */,
				0487A636296D81E500BDD950 /* Frameworks */,
				0487A637296D81E500BDD950 /* Resources */,
				DA0E7C6CE69993C30580D73B /* [CP] Embed Pods Frameworks */,
			);
			buildRules = (
			);
			dependencies = (
			);
			name = homework;
			productName = homework;
			productReference = 0487A639296D81E500BDD950 /* homework.app */;
			productType = "com.apple.product-type.application";
		};
		0487A64E296D81E800BDD950 /* homeworkTests */ = {
			isa = PBXNativeTarget;
			buildConfigurationList = 0487A666296D81E800BDD950 /* Build configuration list for PBXNativeTarget "homeworkTests" */;
			buildPhases = (
				051298952585F873810D9B4A /* [CP] Check Pods Manifest.lock */,
				0487A64B296D81E800BDD950 /* Sources */,
				0487A64C296D81E800BDD950 /* Frameworks */,
				0487A64D296D81E800BDD950 /* Resources */,
			);
			buildRules = (
			);
			dependencies = (
				0487A651296D81E800BDD950 /* PBXTargetDependency */,
			);
			name = homeworkTests;
			productName = homeworkTests;
			productReference = 0487A64F296D81E800BDD950 /* homeworkTests.xctest */;
			productType = "com.apple.product-type.bundle.unit-test";
		};
		0487A658296D81E800BDD950 /* homeworkUITests */ = {
			isa = PBXNativeTarget;
			buildConfigurationList = 0487A669296D81E800BDD950 /* Build configuration list for PBXNativeTarget "homeworkUITests" */;
			buildPhases = (
				2A0EAF982E4E9D6BB1F68594 /* [CP] Check Pods Manifest.lock */,
				0487A655296D81E800BDD950 /* Sources */,
				0487A656296D81E800BDD950 /* Frameworks */,
				0487A657296D81E800BDD950 /* Resources */,
				E1E29AF85CEE4471C31AFF20 /* [CP] Embed Pods Frameworks */,
			);
			buildRules = (
			);
			dependencies = (
				0487A65B296D81E800BDD950 /* PBXTargetDependency */,
			);
			name = homeworkUITests;
			productName = homeworkUITests;
			productReference = 0487A659296D81E800BDD950 /* homeworkUITests.xctest */;
			productType = "com.apple.product-type.bundle.ui-testing";
		};
/* End PBXNativeTarget section */

/* Begin PBXProject section */
		0487A631296D81E500BDD950 /* Project object */ = {
			isa = PBXProject;
			attributes = {
				BuildIndependentTargetsInParallel = 1;
				LastSwiftUpdateCheck = 1410;
				LastUpgradeCheck = 1410;
				TargetAttributes = {
					0487A638296D81E500BDD950 = {
						CreatedOnToolsVersion = 14.1;
					};
					0487A64E296D81E800BDD950 = {
						CreatedOnToolsVersion = 14.1;
						TestTargetID = 0487A638296D81E500BDD950;
					};
					0487A658296D81E800BDD950 = {
						CreatedOnToolsVersion = 14.1;
						TestTargetID = 0487A638296D81E500BDD950;
					};
				};
			};
			buildConfigurationList = 0487A634296D81E500BDD950 /* Build configuration list for PBXProject "homework" */;
			compatibilityVersion = "Xcode 14.0";
			developmentRegion = en;
			hasScannedForEncodings = 0;
			knownRegions = (
				en,
				Base,
			);
			mainGroup = 0487A630296D81E500BDD950;
			productRefGroup = 0487A63A296D81E500BDD950 /* Products */;
			projectDirPath = "";
			projectRoot = "";
			targets = (
				0487A638296D81E500BDD950 /* homework */,
				0487A64E296D81E800BDD950 /* homeworkTests */,
				0487A658296D81E800BDD950 /* homeworkUITests */,
			);
		};
/* End PBXProject section */

/* Begin PBXResourcesBuildPhase section */
		0487A637296D81E500BDD950 /* Resources */ = {
			isa = PBXResourcesBuildPhase;
			buildActionMask = 2147483647;
			files = (
				0487A649296D81E700BDD950 /* LaunchScreen.storyboard in Resources */,
				0487A646296D81E700BDD950 /* Assets.xcassets in Resources */,
				0487A644296D81E500BDD950 /* Main.storyboard in Resources */,
			);
			runOnlyForDeploymentPostprocessing = 0;
		};
		0487A64D296D81E800BDD950 /* Resources */ = {
			isa = PBXResourcesBuildPhase;
			buildActionMask = 2147483647;
			files = (
			);
			runOnlyForDeploymentPostprocessing = 0;
		};
		0487A657296D81E800BDD950 /* Resources */ = {
			isa = PBXResourcesBuildPhase;
			buildActionMask = 2147483647;
			files = (
			);
			runOnlyForDeploymentPostprocessing = 0;
		};
/* End PBXResourcesBuildPhase section */

/* Begin PBXShellScriptBuildPhase section */
		051298952585F873810D9B4A /* [CP] Check Pods Manifest.lock */ = {
			isa = PBXShellScriptBuildPhase;
			buildActionMask = 2147483647;
			files = (
			);
			inputFileListPaths = (
			);
			inputPaths = (
				"${PODS_PODFILE_DIR_PATH}/Podfile.lock",
				"${PODS_ROOT}/Manifest.lock",
			);
			name = "[CP] Check Pods Manifest.lock";
			outputFileListPaths = (
			);
			outputPaths = (
				"$(DERIVED_FILE_DIR)/Pods-homeworkTests-checkManifestLockResult.txt",
			);
			runOnlyForDeploymentPostprocessing = 0;
			shellPath = /bin/sh;
			shellScript = "diff \"${PODS_PODFILE_DIR_PATH}/Podfile.lock\" \"${PODS_ROOT}/Manifest.lock\" > /dev/null\nif [ $? != 0 ] ; then\n    # print error to STDERR\n    echo \"error: The sandbox is not in sync with the Podfile.lock. Run 'pod install' or update your CocoaPods installation.\" >&2\n    exit 1\nfi\n# This output is used by Xcode 'outputs' to avoid re-running this script phase.\necho \"SUCCESS\" > \"${SCRIPT_OUTPUT_FILE_0}\"\n";
			showEnvVarsInLog = 0;
		};
		2A0EAF982E4E9D6BB1F68594 /* [CP] Check Pods Manifest.lock */ = {
			isa = PBXShellScriptBuildPhase;
			buildActionMask = 2147483647;
			files = (
			);
			inputFileListPaths = (
			);
			inputPaths = (
				"${PODS_PODFILE_DIR_PATH}/Podfile.lock",
				"${PODS_ROOT}/Manifest.lock",
			);
			name = "[CP] Check Pods Manifest.lock";
			outputFileListPaths = (
			);
			outputPaths = (
				"$(DERIVED_FILE_DIR)/Pods-homework-homeworkUITests-checkManifestLockResult.txt",
			);
			runOnlyForDeploymentPostprocessing = 0;
			shellPath = /bin/sh;
			shellScript = "diff \"${PODS_PODFILE_DIR_PATH}/Podfile.lock\" \"${PODS_ROOT}/Manifest.lock\" > /dev/null\nif [ $? != 0 ] ; then\n    # print error to STDERR\n    echo \"error: The sandbox is not in sync with the Podfile.lock. Run 'pod install' or update your CocoaPods installation.\" >&2\n    exit 1\nfi\n# This output is used by Xcode 'outputs' to avoid re-running this script phase.\necho \"SUCCESS\" > \"${SCRIPT_OUTPUT_FILE_0}\"\n";
			showEnvVarsInLog = 0;
		};
		D4BCA9929780AFFEAB762BC6 /* [CP] Check Pods Manifest.lock */ = {
			isa = PBXShellScriptBuildPhase;
			buildActionMask = 2147483647;
			files = (
			);
			inputFileListPaths = (
			);
			inputPaths = (
				"${PODS_PODFILE_DIR_PATH}/Podfile.lock",
				"${PODS_ROOT}/Manifest.lock",
			);
			name = "[CP] Check Pods Manifest.lock";
			outputFileListPaths = (
			);
			outputPaths = (
				"$(DERIVED_FILE_DIR)/Pods-homework-checkManifestLockResult.txt",
			);
			runOnlyForDeploymentPostprocessing = 0;
			shellPath = /bin/sh;
			shellScript = "diff \"${PODS_PODFILE_DIR_PATH}/Podfile.lock\" \"${PODS_ROOT}/Manifest.lock\" > /dev/null\nif [ $? != 0 ] ; then\n    # print error to STDERR\n    echo \"error: The sandbox is not in sync with the Podfile.lock. Run 'pod install' or update your CocoaPods installation.\" >&2\n    exit 1\nfi\n# This output is used by Xcode 'outputs' to avoid re-running this script phase.\necho \"SUCCESS\" > \"${SCRIPT_OUTPUT_FILE_0}\"\n";
			showEnvVarsInLog = 0;
		};
		DA0E7C6CE69993C30580D73B /* [CP] Embed Pods Frameworks */ = {
			isa = PBXShellScriptBuildPhase;
			buildActionMask = 2147483647;
			files = (
			);
			inputFileListPaths = (
				"${PODS_ROOT}/Target Support Files/Pods-homework/Pods-homework-frameworks-${CONFIGURATION}-input-files.xcfilelist",
			);
			name = "[CP] Embed Pods Frameworks";
			outputFileListPaths = (
				"${PODS_ROOT}/Target Support Files/Pods-homework/Pods-homework-frameworks-${CONFIGURATION}-output-files.xcfilelist",
			);
			runOnlyForDeploymentPostprocessing = 0;
			shellPath = /bin/sh;
			shellScript = "\"${PODS_ROOT}/Target Support Files/Pods-homework/Pods-homework-frameworks.sh\"\n";
			showEnvVarsInLog = 0;
		};
		E1E29AF85CEE4471C31AFF20 /* [CP] Embed Pods Frameworks */ = {
			isa = PBXShellScriptBuildPhase;
			buildActionMask = 2147483647;
			files = (
			);
			inputFileListPaths = (
				"${PODS_ROOT}/Target Support Files/Pods-homework-homeworkUITests/Pods-homework-homeworkUITests-frameworks-${CONFIGURATION}-input-files.xcfilelist",
			);
			name = "[CP] Embed Pods Frameworks";
			outputFileListPaths = (
				"${PODS_ROOT}/Target Support Files/Pods-homework-homeworkUITests/Pods-homework-homeworkUITests-frameworks-${CONFIGURATION}-output-files.xcfilelist",
			);
			runOnlyForDeploymentPostprocessing = 0;
			shellPath = /bin/sh;
			shellScript = "\"${PODS_ROOT}/Target Support Files/Pods-homework-homeworkUITests/Pods-homework-homeworkUITests-frameworks.sh\"\n";
			showEnvVarsInLog = 0;
		};
/* End PBXShellScriptBuildPhase section */

/* Begin PBXSourcesBuildPhase section */
		0487A635296D81E500BDD950 /* Sources */ = {
			isa = PBXSourcesBuildPhase;
			buildActionMask = 2147483647;
			files = (
				0487A66F296D85CB00BDD950 /* mems.swift in Sources */,
				0487A66D296D850600BDD950 /* networkmanager.swift in Sources */,
				0487A641296D81E500BDD950 /* ViewController.swift in Sources */,
				0487A63D296D81E500BDD950 /* AppDelegate.swift in Sources */,
				0487A63F296D81E500BDD950 /* SceneDelegate.swift in Sources */,
			);
			runOnlyForDeploymentPostprocessing = 0;
		};
		0487A64B296D81E800BDD950 /* Sources */ = {
			isa = PBXSourcesBuildPhase;
			buildActionMask = 2147483647;
			files = (
				0487A654296D81E800BDD950 /* homeworkTests.swift in Sources */,
			);
			runOnlyForDeploymentPostprocessing = 0;
		};
		0487A655296D81E800BDD950 /* Sources */ = {
			isa = PBXSourcesBuildPhase;
			buildActionMask = 2147483647;
			files = (
				0487A660296D81E800BDD950 /* homeworkUITestsLaunchTests.swift in Sources */,
				0487A65E296D81E800BDD950 /* homeworkUITests.swift in Sources */,
			);
			runOnlyForDeploymentPostprocessing = 0;
		};
/* End PBXSourcesBuildPhase section */

/* Begin PBXTargetDependency section */
		0487A651296D81E800BDD950 /* PBXTargetDependency */ = {
			isa = PBXTargetDependency;
			target = 0487A638296D81E500BDD950 /* homework */;
			targetProxy = 0487A650296D81E800BDD950 /* PBXContainerItemProxy */;
		};
		0487A65B296D81E800BDD950 /* PBXTargetDependency */ = {
			isa = PBXTargetDependency;
			target = 0487A638296D81E500BDD950 /* homework */;
			targetProxy = 0487A65A296D81E800BDD950 /* PBXContainerItemProxy */;
		};
/* End PBXTargetDependency section */

/* Begin PBXVariantGroup section */
		0487A642296D81E500BDD950 /* Main.storyboard */ = {
			isa = PBXVariantGroup;
			children = (
				0487A643296D81E500BDD950 /* Base */,
			);
			name = Main.storyboard;
			sourceTree = "<group>";
		};
		0487A647296D81E700BDD950 /* LaunchScreen.storyboard */ = {
			isa = PBXVariantGroup;
			children = (
				0487A648296D81E700BDD950 /* Base */,
			);
			name = LaunchScreen.storyboard;
			sourceTree = "<group>";
		};
/* End PBXVariantGroup section */

/* Begin XCBuildConfiguration section */
		0487A661296D81E800BDD950 /* Debug */ = {
			isa = XCBuildConfiguration;
			buildSettings = {
				ALWAYS_SEARCH_USER_PATHS = NO;
				CLANG_ANALYZER_NONNULL = YES;
				CLANG_ANALYZER_NUMBER_OBJECT_CONVERSION = YES_AGGRESSIVE;
				CLANG_CXX_LANGUAGE_STANDARD = "gnu++20";
				CLANG_ENABLE_MODULES = YES;
				CLANG_ENABLE_OBJC_ARC = YES;
				CLANG_ENABLE_OBJC_WEAK = YES;
				CLANG_WARN_BLOCK_CAPTURE_AUTORELEASING = YES;
				CLANG_WARN_BOOL_CONVERSION = YES;
				CLANG_WARN_COMMA = YES;
				CLANG_WARN_CONSTANT_CONVERSION = YES;
				CLANG_WARN_DEPRECATED_OBJC_IMPLEMENTATIONS = YES;
				CLANG_WARN_DIRECT_OBJC_ISA_USAGE = YES_ERROR;
				CLANG_WARN_DOCUMENTATION_COMMENTS = YES;
				CLANG_WARN_EMPTY_BODY = YES;
				CLANG_WARN_ENUM_CONVERSION = YES;
				CLANG_WARN_INFINITE_RECURSION = YES;
				CLANG_WARN_INT_CONVERSION = YES;
				CLANG_WARN_NON_LITERAL_NULL_CONVERSION = YES;
				CLANG_WARN_OBJC_IMPLICIT_RETAIN_SELF = YES;
				CLANG_WARN_OBJC_LITERAL_CONVERSION = YES;
				CLANG_WARN_OBJC_ROOT_CLASS = YES_ERROR;
				CLANG_WARN_QUOTED_INCLUDE_IN_FRAMEWORK_HEADER = YES;
				CLANG_WARN_RANGE_LOOP_ANALYSIS = YES;
				CLANG_WARN_STRICT_PROTOTYPES = YES;
				CLANG_WARN_SUSPICIOUS_MOVE = YES;
				CLANG_WARN_UNGUARDED_AVAILABILITY = YES_AGGRESSIVE;
				CLANG_WARN_UNREACHABLE_CODE = YES;
				CLANG_WARN__DUPLICATE_METHOD_MATCH = YES;
				COPY_PHASE_STRIP = NO;
				DEBUG_INFORMATION_FORMAT = dwarf;
				ENABLE_STRICT_OBJC_MSGSEND = YES;
				ENABLE_TESTABILITY = YES;
				GCC_C_LANGUAGE_STANDARD = gnu11;
				GCC_DYNAMIC_NO_PIC = NO;
				GCC_NO_COMMON_BLOCKS = YES;
				GCC_OPTIMIZATION_LEVEL = 0;
				GCC_PREPROCESSOR_DEFINITIONS = (
					"DEBUG=1",
					"$(inherited)",
				);
				GCC_WARN_64_TO_32_BIT_CONVERSION = YES;
				GCC_WARN_ABOUT_RETURN_TYPE = YES_ERROR;
				GCC_WARN_UNDECLARED_SELECTOR = YES;
				GCC_WARN_UNINITIALIZED_AUTOS = YES_AGGRESSIVE;
				GCC_WARN_UNUSED_FUNCTION = YES;
				GCC_WARN_UNUSED_VARIABLE = YES;
				IPHONEOS_DEPLOYMENT_TARGET = 16.1;
				MTL_ENABLE_DEBUG_INFO = INCLUDE_SOURCE;
				MTL_FAST_MATH = YES;
				ONLY_ACTIVE_ARCH = YES;
				SDKROOT = iphoneos;
				SWIFT_ACTIVE_COMPILATION_CONDITIONS = DEBUG;
				SWIFT_OPTIMIZATION_LEVEL = "-Onone";
			};
			name = Debug;
		};
		0487A662296D81E800BDD950 /* Release */ = {
			isa = XCBuildConfiguration;
			buildSettings = {
				ALWAYS_SEARCH_USER_PATHS = NO;
				CLANG_ANALYZER_NONNULL = YES;
				CLANG_ANALYZER_NUMBER_OBJECT_CONVERSION = YES_AGGRESSIVE;
				CLANG_CXX_LANGUAGE_STANDARD = "gnu++20";
				CLANG_ENABLE_MODULES = YES;
				CLANG_ENABLE_OBJC_ARC = YES;
				CLANG_ENABLE_OBJC_WEAK = YES;
				CLANG_WARN_BLOCK_CAPTURE_AUTORELEASING = YES;
				CLANG_WARN_BOOL_CONVERSION = YES;
				CLANG_WARN_COMMA = YES;
				CLANG_WARN_CONSTANT_CONVERSION = YES;
				CLANG_WARN_DEPRECATED_OBJC_IMPLEMENTATIONS = YES;
				CLANG_WARN_DIRECT_OBJC_ISA_USAGE = YES_ERROR;
				CLANG_WARN_DOCUMENTATION_COMMENTS = YES;
				CLANG_WARN_EMPTY_BODY = YES;
				CLANG_WARN_ENUM_CONVERSION = YES;
				CLANG_WARN_INFINITE_RECURSION = YES;
				CLANG_WARN_INT_CONVERSION = YES;
				CLANG_WARN_NON_LITERAL_NULL_CONVERSION = YES;
				CLANG_WARN_OBJC_IMPLICIT_RETAIN_SELF = YES;
				CLANG_WARN_OBJC_LITERAL_CONVERSION = YES;
				CLANG_WARN_OBJC_ROOT_CLASS = YES_ERROR;
				CLANG_WARN_QUOTED_INCLUDE_IN_FRAMEWORK_HEADER = YES;
				CLANG_WARN_RANGE_LOOP_ANALYSIS = YES;
				CLANG_WARN_STRICT_PROTOTYPES = YES;
				CLANG_WARN_SUSPICIOUS_MOVE = YES;
				CLANG_WARN_UNGUARDED_AVAILABILITY = YES_AGGRESSIVE;
				CLANG_WARN_UNREACHABLE_CODE = YES;
				CLANG_WARN__DUPLICATE_METHOD_MATCH = YES;
				COPY_PHASE_STRIP = NO;
				DEBUG_INFORMATION_FORMAT = "dwarf-with-dsym";
				ENABLE_NS_ASSERTIONS = NO;
				ENABLE_STRICT_OBJC_MSGSEND = YES;
				GCC_C_LANGUAGE_STANDARD = gnu11;
				GCC_NO_COMMON_BLOCKS = YES;
				GCC_WARN_64_TO_32_BIT_CONVERSION = YES;
				GCC_WARN_ABOUT_RETURN_TYPE = YES_ERROR;
				GCC_WARN_UNDECLARED_SELECTOR = YES;
				GCC_WARN_UNINITIALIZED_AUTOS = YES_AGGRESSIVE;
				GCC_WARN_UNUSED_FUNCTION = YES;
				GCC_WARN_UNUSED_VARIABLE = YES;
				IPHONEOS_DEPLOYMENT_TARGET = 16.1;
				MTL_ENABLE_DEBUG_INFO = NO;
				MTL_FAST_MATH = YES;
				SDKROOT = iphoneos;
				SWIFT_COMPILATION_MODE = wholemodule;
				SWIFT_OPTIMIZATION_LEVEL = "-O";
				VALIDATE_PRODUCT = YES;
			};
			name = Release;
		};
		0487A664296D81E800BDD950 /* Debug */ = {
			isa = XCBuildConfiguration;
			baseConfigurationReference = 28B7E5F3AD07D86A62401252 /* Pods-homework.debug.xcconfig */;
			buildSettings = {
				ASSETCATALOG_COMPILER_APPICON_NAME = AppIcon;
				ASSETCATALOG_COMPILER_GLOBAL_ACCENT_COLOR_NAME = AccentColor;
				CODE_SIGN_STYLE = Automatic;
				CURRENT_PROJECT_VERSION = 1;
				DEVELOPMENT_TEAM = TU4A85R5R3;
				GENERATE_INFOPLIST_FILE = YES;
				INFOPLIST_FILE = homework/Info.plist;
				INFOPLIST_KEY_UIApplicationSupportsIndirectInputEvents = YES;
				INFOPLIST_KEY_UILaunchStoryboardName = LaunchScreen;
				INFOPLIST_KEY_UIMainStoryboardFile = Main;
				INFOPLIST_KEY_UISupportedInterfaceOrientations_iPad = "UIInterfaceOrientationPortrait UIInterfaceOrientationPortraitUpsideDown UIInterfaceOrientationLandscapeLeft UIInterfaceOrientationLandscapeRight";
				INFOPLIST_KEY_UISupportedInterfaceOrientations_iPhone = "UIInterfaceOrientationPortrait UIInterfaceOrientationLandscapeLeft UIInterfaceOrientationLandscapeRight";
				LD_RUNPATH_SEARCH_PATHS = (
					"$(inherited)",
					"@executable_path/Frameworks",
				);
				MARKETING_VERSION = 1.0;
				PRODUCT_BUNDLE_IDENTIFIER = mark2.homework;
				PRODUCT_NAME = "$(TARGET_NAME)";
				SWIFT_EMIT_LOC_STRINGS = YES;
				SWIFT_VERSION = 5.0;
				TARGETED_DEVICE_FAMILY = "1,2";
			};
			name = Debug;
		};
		0487A665296D81E800BDD950 /* Release */ = {
			isa = XCBuildConfiguration;
			baseConfigurationReference = FDEC60DFFDE5B0CE73ABEE98 /* Pods-homework.release.xcconfig */;
			buildSettings = {
				ASSETCATALOG_COMPILER_APPICON_NAME = AppIcon;
				ASSETCATALOG_COMPILER_GLOBAL_ACCENT_COLOR_NAME = AccentColor;
				CODE_SIGN_STYLE = Automatic;
				CURRENT_PROJECT_VERSION = 1;
				DEVELOPMENT_TEAM = TU4A85R5R3;
				GENERATE_INFOPLIST_FILE = YES;
				INFOPLIST_FILE = homework/Info.plist;
				INFOPLIST_KEY_UIApplicationSupportsIndirectInputEvents = YES;
				INFOPLIST_KEY_UILaunchStoryboardName = LaunchScreen;
				INFOPLIST_KEY_UIMainStoryboardFile = Main;
				INFOPLIST_KEY_UISupportedInterfaceOrientations_iPad = "UIInterfaceOrientationPortrait UIInterfaceOrientationPortraitUpsideDown UIInterfaceOrientationLandscapeLeft UIInterfaceOrientationLandscapeRight";
				INFOPLIST_KEY_UISupportedInterfaceOrientations_iPhone = "UIInterfaceOrientationPortrait UIInterfaceOrientationLandscapeLeft UIInterfaceOrientationLandscapeRight";
				LD_RUNPATH_SEARCH_PATHS = (
					"$(inherited)",
					"@executable_path/Frameworks",
				);
				MARKETING_VERSION = 1.0;
				PRODUCT_BUNDLE_IDENTIFIER = mark2.homework;
				PRODUCT_NAME = "$(TARGET_NAME)";
				SWIFT_EMIT_LOC_STRINGS = YES;
				SWIFT_VERSION = 5.0;
				TARGETED_DEVICE_FAMILY = "1,2";
			};
			name = Release;
		};
		0487A667296D81E800BDD950 /* Debug */ = {
			isa = XCBuildConfiguration;
			baseConfigurationReference = 129785B3D5B8F67A2DC4363D /* Pods-homeworkTests.debug.xcconfig */;
			buildSettings = {
				ALWAYS_EMBED_SWIFT_STANDARD_LIBRARIES = YES;
				BUNDLE_LOADER = "$(TEST_HOST)";
				CODE_SIGN_STYLE = Automatic;
				CURRENT_PROJECT_VERSION = 1;
				DEVELOPMENT_TEAM = TU4A85R5R3;
				GENERATE_INFOPLIST_FILE = YES;
				IPHONEOS_DEPLOYMENT_TARGET = 16.1;
				MARKETING_VERSION = 1.0;
				PRODUCT_BUNDLE_IDENTIFIER = mark2.homeworkTests;
				PRODUCT_NAME = "$(TARGET_NAME)";
				SWIFT_EMIT_LOC_STRINGS = NO;
				SWIFT_VERSION = 5.0;
				TARGETED_DEVICE_FAMILY = "1,2";
				TEST_HOST = "$(BUILT_PRODUCTS_DIR)/homework.app/$(BUNDLE_EXECUTABLE_FOLDER_PATH)/homework";
			};
			name = Debug;
		};
		0487A668296D81E800BDD950 /* Release */ = {
			isa = XCBuildConfiguration;
			baseConfigurationReference = CD9D69524241EE5888F09FD6 /* Pods-homeworkTests.release.xcconfig */;
			buildSettings = {
				ALWAYS_EMBED_SWIFT_STANDARD_LIBRARIES = YES;
				BUNDLE_LOADER = "$(TEST_HOST)";
				CODE_SIGN_STYLE = Automatic;
				CURRENT_PROJECT_VERSION = 1;
				DEVELOPMENT_TEAM = TU4A85R5R3;
				GENERATE_INFOPLIST_FILE = YES;
				IPHONEOS_DEPLOYMENT_TARGET = 16.1;
				MARKETING_VERSION = 1.0;
				PRODUCT_BUNDLE_IDENTIFIER = mark2.homeworkTests;
				PRODUCT_NAME = "$(TARGET_NAME)";
				SWIFT_EMIT_LOC_STRINGS = NO;
				SWIFT_VERSION = 5.0;
				TARGETED_DEVICE_FAMILY = "1,2";
				TEST_HOST = "$(BUILT_PRODUCTS_DIR)/homework.app/$(BUNDLE_EXECUTABLE_FOLDER_PATH)/homework";
			};
			name = Release;
		};
		0487A66A296D81E800BDD950 /* Debug */ = {
			isa = XCBuildConfiguration;
			baseConfigurationReference = 020710D8C4BC6B428EBC0D52 /* Pods-homework-homeworkUITests.debug.xcconfig */;
			buildSettings = {
				ALWAYS_EMBED_SWIFT_STANDARD_LIBRARIES = YES;
				CODE_SIGN_STYLE = Automatic;
				CURRENT_PROJECT_VERSION = 1;
				DEVELOPMENT_TEAM = TU4A85R5R3;
				GENERATE_INFOPLIST_FILE = YES;
				MARKETING_VERSION = 1.0;
				PRODUCT_BUNDLE_IDENTIFIER = mark2.homeworkUITests;
				PRODUCT_NAME = "$(TARGET_NAME)";
				SWIFT_EMIT_LOC_STRINGS = NO;
				SWIFT_VERSION = 5.0;
				TARGETED_DEVICE_FAMILY = "1,2";
				TEST_TARGET_NAME = homework;
			};
			name = Debug;
		};
		0487A66B296D81E800BDD950 /* Release */ = {
			isa = XCBuildConfiguration;
			baseConfigurationReference = 0E8D007B2475008A751243B7 /* Pods-homework-homeworkUITests.release.xcconfig */;
			buildSettings = {
				ALWAYS_EMBED_SWIFT_STANDARD_LIBRARIES = YES;
				CODE_SIGN_STYLE = Automatic;
				CURRENT_PROJECT_VERSION = 1;
				DEVELOPMENT_TEAM = TU4A85R5R3;
				GENERATE_INFOPLIST_FILE = YES;
				MARKETING_VERSION = 1.0;
				PRODUCT_BUNDLE_IDENTIFIER = mark2.homeworkUITests;
				PRODUCT_NAME = "$(TARGET_NAME)";
				SWIFT_EMIT_LOC_STRINGS = NO;
				SWIFT_VERSION = 5.0;
				TARGETED_DEVICE_FAMILY = "1,2";
				TEST_TARGET_NAME = homework;
			};
			name = Release;
		};
/* End XCBuildConfiguration section */

/* Begin XCConfigurationList section */
		0487A634296D81E500BDD950 /* Build configuration list for PBXProject "homework" */ = {
			isa = XCConfigurationList;
			buildConfigurations = (
				0487A661296D81E800BDD950 /* Debug */,
				0487A662296D81E800BDD950 /* Release */,
			);
			defaultConfigurationIsVisible = 0;
			defaultConfigurationName = Release;
		};
		0487A663296D81E800BDD950 /* Build configuration list for PBXNativeTarget "homework" */ = {
			isa = XCConfigurationList;
			buildConfigurations = (
				0487A664296D81E800BDD950 /* Debug */,
				0487A665296D81E800BDD950 /* Release */,
			);
			defaultConfigurationIsVisible = 0;
			defaultConfigurationName = Release;
		};
		0487A666296D81E800BDD950 /* Build configuration list for PBXNativeTarget "homeworkTests" */ = {
			isa = XCConfigurationList;
			buildConfigurations = (
				0487A667296D81E800BDD950 /* Debug */,
				0487A668296D81E800BDD950 /* Release */,
			);
			defaultConfigurationIsVisible = 0;
			defaultConfigurationName = Release;
		};
		0487A669296D81E800BDD950 /* Build configuration list for PBXNativeTarget "homeworkUITests" */ = {
			isa = XCConfigurationList;
			buildConfigurations = (
				0487A66A296D81E800BDD950 /* Debug */,
				0487A66B296D81E800BDD950 /* Release */,
			);
			defaultConfigurationIsVisible = 0;
			defaultConfigurationName = Release;
		};
/* End XCConfigurationList section */
	};
	rootObject = 0487A631296D81E500BDD950 /* Project object */;
}
